
Microsoft Visual Studio Solution File, Format Version 12.00
# Visual Studio 15
VisualStudioVersion = 15.0.26730.16
MinimumVisualStudioVersion = 10.0.40219.1
Project("{FAE04EC0-301F-11D3-BF4B-00C04F79EFBC}") = "EFDemo", "EFDemo\EFDemo.csproj", "{DF601F30-70E6-406B-881C-966D684B23F2}"
EndProject
Project("{FAE04EC0-301F-11D3-BF4B-00C04F79EFBC}") = "Demo.Framework", "Demo.Framework\Demo.Framework.csproj", "{766FE3C5-0664-418C-8821-AC408F7C1BBA}"
EndProject
Project("{FAE04EC0-301F-11D3-BF4B-00C04F79EFBC}") = "Demo.UnitTest", "Demo.UnitTest\Demo.UnitTest.csproj", "{FA5E7252-75F6-45C2-8B89-61FC6C04BD52}"
EndProject
Project("{FAE04EC0-301F-11D3-BF4B-00C04F79EFBC}") = "Demo.Entity", "Demo.Entity\Demo.Entity.csproj", "{D2ED2900-8E4F-440F-95C9-A00C39361825}"
EndProject
Global
	GlobalSection(SolutionConfigurationPlatforms) = preSolution
		Debug|Any CPU = Debug|Any CPU
		Release|Any CPU = Release|Any CPU
	EndGlobalSection
	GlobalSection(ProjectConfigurationPlatforms) = postSolution
		{DF601F30-70E6-406B-881C-966D684B23F2}.Debug|Any CPU.ActiveCfg = Debug|Any CPU
		{DF601F30-70E6-406B-881C-966D684B23F2}.Debug|Any CPU.Build.0 = Debug|Any CPU
		{DF601F30-70E6-406B-881C-966D684B23F2}.Release|Any CPU.ActiveCfg = Release|Any CPU
		{DF601F30-70E6-406B-881C-966D684B23F2}.Release|Any CPU.Build.0 = Release|Any CPU
		{766FE3C5-0664-418C-8821-AC408F7C1BBA}.Debug|Any CPU.ActiveCfg = Debug|Any CPU
		{766FE3C5-0664-418C-8821-AC408F7C1BBA}.Debug|Any CPU.Build.0 = Debug|Any CPU
		{766FE3C5-0664-418C-8821-AC408F7C1BBA}.Release|Any CPU.ActiveCfg = Release|Any CPU
		{766FE3C5-0664-418C-8821-AC408F7C1BBA}.Release|Any CPU.Build.0 = Release|Any CPU
		{FA5E7252-75F6-45C2-8B89-61FC6C04BD52}.Debug|Any CPU.ActiveCfg = Debug|Any CPU
		{FA5E7252-75F6-45C2-8B89-61FC6C04BD52}.Debug|Any CPU.Build.0 = Debug|Any CPU
		{FA5E7252-75F6-45C2-8B89-61FC6C04BD52}.Release|Any CPU.ActiveCfg = Release|Any CPU
		{FA5E7252-75F6-45C2-8B89-61FC6C04BD52}.Release|Any CPU.Build.0 = Release|Any CPU
		{D2ED2900-8E4F-440F-95C9-A00C39361825}.Debug|Any CPU.ActiveCfg = Debug|Any CPU
		{D2ED2900-8E4F-440F-95C9-A00C39361825}.Debug|Any CPU.Build.0 = Debug|Any CPU
		{D2ED2900-8E4F-440F-95C9-A00C39361825}.Release|Any CPU.ActiveCfg = Release|Any CPU
		{D2ED2900-8E4F-440F-95C9-A00C39361825}.Release|Any CPU.Build.0 = Release|Any CPU
	EndGlobalSection
	GlobalSection(SolutionProperties) = preSolution
		HideSolutionNode = FALSE
	EndGlobalSection
	GlobalSection(ExtensibilityGlobals) = postSolution
		SolutionGuid = {219953BF-7EA7-48E7-B396-86B61C9E3C62}
	EndGlobalSection
EndGlobal
